// !$*UTF8*$!
{
	archiveVersion = 1;
	classes = {
	};
	objectVersion = 56;
	objects = {

/* Begin PBXBuildFile section */
			A10000001 /* TaskiesApp.swift in Sources */ = {isa = PBXBuildFile; fileRef = A10000011 /* TaskiesApp.swift */; };
			A10000002 /* AppDelegate.swift in Sources */ = {isa = PBXBuildFile; fileRef = A10000012 /* AppDelegate.swift */; };
			A10000003 /* TaskiesCommands.swift in Sources */ = {isa = PBXBuildFile; fileRef = A10000013 /* TaskiesCommands.swift */; };
			A100000A5 /* StickyMenuItemFactory.swift in Sources */ = {isa = PBXBuildFile; fileRef = A10000027 /* StickyMenuItemFactory.swift */; };
			A100000A6 /* StickyFileMenuController.swift in Sources */ = {isa = PBXBuildFile; fileRef = A10000028 /* StickyFileMenuController.swift */; };
			A100000A7 /* StickyFontMenuController.swift in Sources */ = {isa = PBXBuildFile; fileRef = A10000029 /* StickyFontMenuController.swift */; };
			A100000A8 /* StickyColorMenuController.swift in Sources */ = {isa = PBXBuildFile; fileRef = A1000002A /* StickyColorMenuController.swift */; };
			A100000A9 /* StickyTextDocument.swift in Sources */ = {isa = PBXBuildFile; fileRef = A1000002B /* StickyTextDocument.swift */; };
			A100000AA /* StickyWindowDefaults.swift in Sources */ = {isa = PBXBuildFile; fileRef = A1000002C /* StickyWindowDefaults.swift */; };
			A100000AB /* StickyLog.swift in Sources */ = {isa = PBXBuildFile; fileRef = A1000002D /* StickyLog.swift */; };
			A100000AC /* StickyWindowLegacyNormalizer.swift in Sources */ = {isa = PBXBuildFile; fileRef = A1000002E /* StickyWindowLegacyNormalizer.swift */; };
			A10000004 /* StickyStore.swift in Sources */ = {isa = PBXBuildFile; fileRef = A10000014 /* StickyStore.swift */; };
			A10000005 /* StickyNote.swift in Sources */ = {isa = PBXBuildFile; fileRef = A10000015 /* StickyNote.swift */; };
				A10000006 /* NoteItem.swift in Sources */ = {isa = PBXBuildFile; fileRef = A10000016 /* NoteItem.swift */; };
				A10000007 /* StickyWindowCoordinator.swift in Sources */ = {isa = PBXBuildFile; fileRef = A10000017 /* StickyWindowCoordinator.swift */; };
				A10000120 /* StickyWindowCoordinator+ImportExport.swift in Sources */ = {isa = PBXBuildFile; fileRef = A10000110 /* StickyWindowCoordinator+ImportExport.swift */; };
				A10000121 /* StickyWindowCoordinator+NoteActions.swift in Sources */ = {isa = PBXBuildFile; fileRef = A10000111 /* StickyWindowCoordinator+NoteActions.swift */; };
				A10000122 /* StickyWindowCoordinator+Arrangement.swift in Sources */ = {isa = PBXBuildFile; fileRef = A10000112 /* StickyWindowCoordinator+Arrangement.swift */; };
				A10000008 /* StickyWindowFactory.swift in Sources */ = {isa = PBXBuildFile; fileRef = A10000018 /* StickyWindowFactory.swift */; };
			A10000009 /* StickyWindowDelegate.swift in Sources */ = {isa = PBXBuildFile; fileRef = A10000019 /* StickyWindowDelegate.swift */; };
			A1000000A /* StickyWindowGeometry.swift in Sources */ = {isa = PBXBuildFile; fileRef = A1000001A /* StickyWindowGeometry.swift */; };
			A1000000B /* StickyPanel.swift in Sources */ = {isa = PBXBuildFile; fileRef = A1000001B /* StickyPanel.swift */; };
			A1000000C /* StickyNoteViewModel.swift in Sources */ = {isa = PBXBuildFile; fileRef = A1000001C /* StickyNoteViewModel.swift */; };
			A1000000D /* StickyNoteView.swift in Sources */ = {isa = PBXBuildFile; fileRef = A1000001D /* StickyNoteView.swift */; };
			A1000000E /* StickyAppearance.swift in Sources */ = {isa = PBXBuildFile; fileRef = A1000001E /* StickyAppearance.swift */; };
			A1000000F /* StickyHeaderView.swift in Sources */ = {isa = PBXBuildFile; fileRef = A1000001F /* StickyHeaderView.swift */; };
			A100000A0 /* TaskRowView.swift in Sources */ = {isa = PBXBuildFile; fileRef = A10000021 /* TaskRowView.swift */; };
			A100000A1 /* NewTaskRowView.swift in Sources */ = {isa = PBXBuildFile; fileRef = A10000022 /* NewTaskRowView.swift */; };
			A100000A2 /* DoneSectionView.swift in Sources */ = {isa = PBXBuildFile; fileRef = A10000023 /* DoneSectionView.swift */; };
			A100000A3 /* Assets.xcassets in Resources */ = {isa = PBXBuildFile; fileRef = A10000024 /* Assets.xcassets */; };
			A100000A4 /* PlainTaskTextField.swift in Sources */ = {isa = PBXBuildFile; fileRef = A10000026 /* PlainTaskTextField.swift */; };
			A10000101 /* TaskiesModelTests.swift in Sources */ = {isa = PBXBuildFile; fileRef = A10000100 /* TaskiesModelTests.swift */; };
/* End PBXBuildFile section */

/* Begin PBXContainerItemProxy section */
		A10000103 /* PBXContainerItemProxy */ = {
			isa = PBXContainerItemProxy;
			containerPortal = A10000060 /* Project object */;
			proxyType = 1;
			remoteGlobalIDString = A10000040;
			remoteInfo = Taskies;
		};
/* End PBXContainerItemProxy section */

/* Begin PBXFileReference section */
			A10000010 /* Taskies.app */ = {isa = PBXFileReference; explicitFileType = wrapper.application; includeInIndex = 0; path = Taskies.app; sourceTree = BUILT_PRODUCTS_DIR; };
			A10000011 /* TaskiesApp.swift */ = {isa = PBXFileReference; lastKnownFileType = sourcecode.swift; path = TaskiesApp.swift; sourceTree = "<group>"; };
			A10000012 /* AppDelegate.swift */ = {isa = PBXFileReference; lastKnownFileType = sourcecode.swift; path = AppDelegate.swift; sourceTree = "<group>"; };
			A10000013 /* TaskiesCommands.swift */ = {isa = PBXFileReference; lastKnownFileType = sourcecode.swift; path = TaskiesCommands.swift; sourceTree = "<group>"; };
			A10000027 /* StickyMenuItemFactory.swift */ = {isa = PBXFileReference; lastKnownFileType = sourcecode.swift; path = StickyMenuItemFactory.swift; sourceTree = "<group>"; };
			A10000028 /* StickyFileMenuController.swift */ = {isa = PBXFileReference; lastKnownFileType = sourcecode.swift; path = StickyFileMenuController.swift; sourceTree = "<group>"; };
			A10000029 /* StickyFontMenuController.swift */ = {isa = PBXFileReference; lastKnownFileType = sourcecode.swift; path = StickyFontMenuController.swift; sourceTree = "<group>"; };
			A1000002A /* StickyColorMenuController.swift */ = {isa = PBXFileReference; lastKnownFileType = sourcecode.swift; path = StickyColorMenuController.swift; sourceTree = "<group>"; };
			A1000002B /* StickyTextDocument.swift */ = {isa = PBXFileReference; lastKnownFileType = sourcecode.swift; path = StickyTextDocument.swift; sourceTree = "<group>"; };
			A1000002C /* StickyWindowDefaults.swift */ = {isa = PBXFileReference; lastKnownFileType = sourcecode.swift; path = StickyWindowDefaults.swift; sourceTree = "<group>"; };
			A1000002D /* StickyLog.swift */ = {isa = PBXFileReference; lastKnownFileType = sourcecode.swift; path = StickyLog.swift; sourceTree = "<group>"; };
			A1000002E /* StickyWindowLegacyNormalizer.swift */ = {isa = PBXFileReference; lastKnownFileType = sourcecode.swift; path = StickyWindowLegacyNormalizer.swift; sourceTree = "<group>"; };
			A1000002F /* AppIcon.svg */ = {isa = PBXFileReference; lastKnownFileType = text.xml; path = AppIcon.svg; sourceTree = "<group>"; };
			A10000014 /* StickyStore.swift */ = {isa = PBXFileReference; lastKnownFileType = sourcecode.swift; path = StickyStore.swift; sourceTree = "<group>"; };
			A10000015 /* StickyNote.swift */ = {isa = PBXFileReference; lastKnownFileType = sourcecode.swift; path = StickyNote.swift; sourceTree = "<group>"; };
				A10000016 /* NoteItem.swift */ = {isa = PBXFileReference; lastKnownFileType = sourcecode.swift; path = NoteItem.swift; sourceTree = "<group>"; };
				A10000017 /* StickyWindowCoordinator.swift */ = {isa = PBXFileReference; lastKnownFileType = sourcecode.swift; path = StickyWindowCoordinator.swift; sourceTree = "<group>"; };
				A10000110 /* StickyWindowCoordinator+ImportExport.swift */ = {isa = PBXFileReference; lastKnownFileType = sourcecode.swift; path = "StickyWindowCoordinator+ImportExport.swift"; sourceTree = "<group>"; };
				A10000111 /* StickyWindowCoordinator+NoteActions.swift */ = {isa = PBXFileReference; lastKnownFileType = sourcecode.swift; path = "StickyWindowCoordinator+NoteActions.swift"; sourceTree = "<group>"; };
				A10000112 /* StickyWindowCoordinator+Arrangement.swift */ = {isa = PBXFileReference; lastKnownFileType = sourcecode.swift; path = "StickyWindowCoordinator+Arrangement.swift"; sourceTree = "<group>"; };
				A10000018 /* StickyWindowFactory.swift */ = {isa = PBXFileReference; lastKnownFileType = sourcecode.swift; path = StickyWindowFactory.swift; sourceTree = "<group>"; };
			A10000019 /* StickyWindowDelegate.swift */ = {isa = PBXFileReference; lastKnownFileType = sourcecode.swift; path = StickyWindowDelegate.swift; sourceTree = "<group>"; };
			A1000001A /* StickyWindowGeometry.swift */ = {isa = PBXFileReference; lastKnownFileType = sourcecode.swift; path = StickyWindowGeometry.swift; sourceTree = "<group>"; };
			A1000001B /* StickyPanel.swift */ = {isa = PBXFileReference; lastKnownFileType = sourcecode.swift; path = StickyPanel.swift; sourceTree = "<group>"; };
			A1000001C /* StickyNoteViewModel.swift */ = {isa = PBXFileReference; lastKnownFileType = sourcecode.swift; path = StickyNoteViewModel.swift; sourceTree = "<group>"; };
			A1000001D /* StickyNoteView.swift */ = {isa = PBXFileReference; lastKnownFileType = sourcecode.swift; path = StickyNoteView.swift; sourceTree = "<group>"; };
			A1000001E /* StickyAppearance.swift */ = {isa = PBXFileReference; lastKnownFileType = sourcecode.swift; path = StickyAppearance.swift; sourceTree = "<group>"; };
			A1000001F /* StickyHeaderView.swift */ = {isa = PBXFileReference; lastKnownFileType = sourcecode.swift; path = StickyHeaderView.swift; sourceTree = "<group>"; };
			A10000021 /* TaskRowView.swift */ = {isa = PBXFileReference; lastKnownFileType = sourcecode.swift; path = TaskRowView.swift; sourceTree = "<group>"; };
			A10000022 /* NewTaskRowView.swift */ = {isa = PBXFileReference; lastKnownFileType = sourcecode.swift; path = NewTaskRowView.swift; sourceTree = "<group>"; };
			A10000023 /* DoneSectionView.swift */ = {isa = PBXFileReference; lastKnownFileType = sourcecode.swift; path = DoneSectionView.swift; sourceTree = "<group>"; };
			A10000024 /* Assets.xcassets */ = {isa = PBXFileReference; lastKnownFileType = folder.assetcatalog; path = Assets.xcassets; sourceTree = "<group>"; };
			A10000025 /* Taskies.entitlements */ = {isa = PBXFileReference; lastKnownFileType = text.plist.entitlements; path = Taskies.entitlements; sourceTree = "<group>"; };
			A10000026 /* PlainTaskTextField.swift */ = {isa = PBXFileReference; lastKnownFileType = sourcecode.swift; path = PlainTaskTextField.swift; sourceTree = "<group>"; };
			A10000100 /* TaskiesModelTests.swift */ = {isa = PBXFileReference; lastKnownFileType = sourcecode.swift; path = TaskiesModelTests.swift; sourceTree = "<group>"; };
			A10000102 /* TaskiesTests.xctest */ = {isa = PBXFileReference; explicitFileType = wrapper.cfbundle; includeInIndex = 0; path = TaskiesTests.xctest; sourceTree = BUILT_PRODUCTS_DIR; };
/* End PBXFileReference section */

/* Begin PBXFrameworksBuildPhase section */
		A10000020 /* Frameworks */ = {
			isa = PBXFrameworksBuildPhase;
			buildActionMask = 2147483647;
			files = (
			);
			runOnlyForDeploymentPostprocessing = 0;
		};
		A10000104 /* Frameworks */ = {
			isa = PBXFrameworksBuildPhase;
			buildActionMask = 2147483647;
			files = (
			);
			runOnlyForDeploymentPostprocessing = 0;
		};
/* End PBXFrameworksBuildPhase section */

/* Begin PBXGroup section */
		A10000030 = {
			isa = PBXGroup;
			children = (
				A10000031 /* Taskies */,
				A10000108 /* TaskiesTests */,
				A10000032 /* Products */,
			);
			sourceTree = "<group>";
		};
			A10000031 /* Taskies */ = {
				isa = PBXGroup;
				children = (
					A10000033 /* App */,
					A10000035 /* Model */,
					A10000034 /* Persistence */,
					A10000036 /* Note */,
					A10000037 /* Windowing */,
					A1000003A /* Support */,
					A10000038 /* Resources */,
					A10000025 /* Taskies.entitlements */,
				);
				path = Taskies;
				sourceTree = "<group>";
			};
		A10000032 /* Products */ = {
			isa = PBXGroup;
			children = (
				A10000010 /* Taskies.app */,
				A10000102 /* TaskiesTests.xctest */,
			);
			name = Products;
			sourceTree = "<group>";
		};
			A10000033 /* App */ = {
				isa = PBXGroup;
				children = (
					A10000011 /* TaskiesApp.swift */,
					A10000012 /* AppDelegate.swift */,
					A10000013 /* TaskiesCommands.swift */,
					A10000039 /* Menus */,
				);
				path = App;
				sourceTree = "<group>";
			};
			A10000034 /* Persistence */ = {
				isa = PBXGroup;
				children = (
					A10000014 /* StickyStore.swift */,
					A1000002B /* StickyTextDocument.swift */,
				);
				path = Persistence;
				sourceTree = "<group>";
			};
			A10000035 /* Model */ = {
				isa = PBXGroup;
				children = (
					A10000015 /* StickyNote.swift */,
					A10000016 /* NoteItem.swift */,
				);
				path = Model;
				sourceTree = "<group>";
			};
			A10000036 /* Note */ = {
				isa = PBXGroup;
				children = (
					A1000001C /* StickyNoteViewModel.swift */,
					A1000001D /* StickyNoteView.swift */,
					A1000003B /* Components */,
					A1000003C /* Styling */,
				);
				path = Note;
				sourceTree = "<group>";
			};
			A10000037 /* Windowing */ = {
				isa = PBXGroup;
					children = (
						A10000017 /* StickyWindowCoordinator.swift */,
						A10000110 /* StickyWindowCoordinator+ImportExport.swift */,
						A10000111 /* StickyWindowCoordinator+NoteActions.swift */,
						A10000112 /* StickyWindowCoordinator+Arrangement.swift */,
						A10000018 /* StickyWindowFactory.swift */,
					A10000019 /* StickyWindowDelegate.swift */,
					A1000001A /* StickyWindowGeometry.swift */,
					A1000001B /* StickyPanel.swift */,
					A1000002C /* StickyWindowDefaults.swift */,
					A1000002E /* StickyWindowLegacyNormalizer.swift */,
				);
				path = Windowing;
				sourceTree = "<group>";
			};
			A10000038 /* Resources */ = {
				isa = PBXGroup;
				children = (
					A1000002F /* AppIcon.svg */,
					A10000024 /* Assets.xcassets */,
				);
				path = Resources;
				sourceTree = "<group>";
			};
			A10000039 /* Menus */ = {
				isa = PBXGroup;
				children = (
					A10000027 /* StickyMenuItemFactory.swift */,
					A10000028 /* StickyFileMenuController.swift */,
					A10000029 /* StickyFontMenuController.swift */,
					A1000002A /* StickyColorMenuController.swift */,
				);
				path = Menus;
				sourceTree = "<group>";
			};
			A1000003A /* Support */ = {
				isa = PBXGroup;
				children = (
					A1000002D /* StickyLog.swift */,
				);
				path = Support;
				sourceTree = "<group>";
			};
			A1000003B /* Components */ = {
				isa = PBXGroup;
				children = (
					A1000001F /* StickyHeaderView.swift */,
					A10000026 /* PlainTaskTextField.swift */,
					A10000021 /* TaskRowView.swift */,
					A10000022 /* NewTaskRowView.swift */,
					A10000023 /* DoneSectionView.swift */,
				);
				path = Components;
				sourceTree = "<group>";
			};
			A1000003C /* Styling */ = {
				isa = PBXGroup;
			children = (
				A1000001E /* StickyAppearance.swift */,
			);
			path = Styling;
			sourceTree = "<group>";
		};
		A10000108 /* TaskiesTests */ = {
			isa = PBXGroup;
			children = (
				A10000100 /* TaskiesModelTests.swift */,
			);
			path = TaskiesTests;
			sourceTree = "<group>";
		};
/* End PBXGroup section */

/* Begin PBXNativeTarget section */
		A10000040 /* Taskies */ = {
			isa = PBXNativeTarget;
			buildConfigurationList = A10000050 /* Build configuration list for PBXNativeTarget "Taskies" */;
			buildPhases = (
				A10000041 /* Sources */,
				A10000020 /* Frameworks */,
				A10000042 /* Resources */,
			);
			buildRules = (
			);
			dependencies = (
			);
			name = Taskies;
			productName = Taskies;
			productReference = A10000010 /* Taskies.app */;
			productType = "com.apple.product-type.application";
		};
		A10000109 /* TaskiesTests */ = {
			isa = PBXNativeTarget;
			buildConfigurationList = A1000010C /* Build configuration list for PBXNativeTarget "TaskiesTests" */;
			buildPhases = (
				A10000106 /* Sources */,
				A10000104 /* Frameworks */,
				A10000105 /* Resources */,
			);
			buildRules = (
			);
			dependencies = (
				A10000107 /* PBXTargetDependency */,
			);
			name = TaskiesTests;
			productName = TaskiesTests;
			productReference = A10000102 /* TaskiesTests.xctest */;
			productType = "com.apple.product-type.bundle.unit-test";
		};
/* End PBXNativeTarget section */

/* Begin PBXProject section */
		A10000060 /* Project object */ = {
			isa = PBXProject;
			attributes = {
				BuildIndependentTargetsInParallel = 1;
				LastSwiftUpdateCheck = 1500;
				LastUpgradeCheck = 1500;
				TargetAttributes = {
					A10000040 = {
						CreatedOnToolsVersion = 15.0;
					};
					A10000109 = {
						CreatedOnToolsVersion = 15.0;
						TestTargetID = A10000040;
					};
				};
			};
			buildConfigurationList = A10000061 /* Build configuration list for PBXProject "Taskies" */;
			compatibilityVersion = "Xcode 14.0";
			developmentRegion = en;
			hasScannedForEncodings = 0;
			knownRegions = (
				en,
				Base,
			);
			mainGroup = A10000030;
			productRefGroup = A10000032 /* Products */;
			projectDirPath = "";
			projectRoot = "";
			targets = (
				A10000040 /* Taskies */,
				A10000109 /* TaskiesTests */,
			);
		};
/* End PBXProject section */

/* Begin PBXResourcesBuildPhase section */
			A10000042 /* Resources */ = {
				isa = PBXResourcesBuildPhase;
				buildActionMask = 2147483647;
				files = (
					A100000A3 /* Assets.xcassets in Resources */,
				);
				runOnlyForDeploymentPostprocessing = 0;
			};
		A10000105 /* Resources */ = {
			isa = PBXResourcesBuildPhase;
			buildActionMask = 2147483647;
			files = (
			);
			runOnlyForDeploymentPostprocessing = 0;
		};
/* End PBXResourcesBuildPhase section */

/* Begin PBXSourcesBuildPhase section */
		A10000041 /* Sources */ = {
			isa = PBXSourcesBuildPhase;
			buildActionMask = 2147483647;
				files = (
					A10000001 /* TaskiesApp.swift in Sources */,
					A10000002 /* AppDelegate.swift in Sources */,
					A10000003 /* TaskiesCommands.swift in Sources */,
					A100000A5 /* StickyMenuItemFactory.swift in Sources */,
					A100000A6 /* StickyFileMenuController.swift in Sources */,
					A100000A7 /* StickyFontMenuController.swift in Sources */,
					A100000A8 /* StickyColorMenuController.swift in Sources */,
					A100000A9 /* StickyTextDocument.swift in Sources */,
					A100000AB /* StickyLog.swift in Sources */,
					A10000004 /* StickyStore.swift in Sources */,
						A10000005 /* StickyNote.swift in Sources */,
						A10000006 /* NoteItem.swift in Sources */,
						A10000007 /* StickyWindowCoordinator.swift in Sources */,
						A10000120 /* StickyWindowCoordinator+ImportExport.swift in Sources */,
						A10000121 /* StickyWindowCoordinator+NoteActions.swift in Sources */,
						A10000122 /* StickyWindowCoordinator+Arrangement.swift in Sources */,
						A10000008 /* StickyWindowFactory.swift in Sources */,
					A10000009 /* StickyWindowDelegate.swift in Sources */,
					A1000000A /* StickyWindowGeometry.swift in Sources */,
					A1000000B /* StickyPanel.swift in Sources */,
					A100000AA /* StickyWindowDefaults.swift in Sources */,
					A100000AC /* StickyWindowLegacyNormalizer.swift in Sources */,
					A1000000C /* StickyNoteViewModel.swift in Sources */,
					A1000000D /* StickyNoteView.swift in Sources */,
					A1000000E /* StickyAppearance.swift in Sources */,
					A1000000F /* StickyHeaderView.swift in Sources */,
					A100000A4 /* PlainTaskTextField.swift in Sources */,
					A100000A0 /* TaskRowView.swift in Sources */,
					A100000A1 /* NewTaskRowView.swift in Sources */,
					A100000A2 /* DoneSectionView.swift in Sources */,
			);
			runOnlyForDeploymentPostprocessing = 0;
		};
		A10000106 /* Sources */ = {
			isa = PBXSourcesBuildPhase;
			buildActionMask = 2147483647;
			files = (
				A10000101 /* TaskiesModelTests.swift in Sources */,
			);
			runOnlyForDeploymentPostprocessing = 0;
		};
/* End PBXSourcesBuildPhase section */

/* Begin PBXTargetDependency section */
		A10000107 /* PBXTargetDependency */ = {
			isa = PBXTargetDependency;
			target = A10000040 /* Taskies */;
			targetProxy = A10000103 /* PBXContainerItemProxy */;
		};
/* End PBXTargetDependency section */

/* Begin XCBuildConfiguration section */
		A10000070 /* Debug */ = {
			isa = XCBuildConfiguration;
			buildSettings = {
				ALWAYS_SEARCH_USER_PATHS = NO;
				ASSETCATALOG_COMPILER_GENERATE_SWIFT_ASSET_SYMBOL_EXTENSIONS = YES;
				CLANG_ANALYZER_NONNULL = YES;
				CLANG_ANALYZER_NUMBER_OBJECT_CONVERSION = YES_AGGRESSIVE;
				CLANG_CXX_LANGUAGE_STANDARD = "gnu++20";
				CLANG_ENABLE_MODULES = YES;
				CLANG_ENABLE_OBJC_ARC = YES;
				CLANG_ENABLE_OBJC_WEAK = YES;
				CLANG_WARN_BLOCK_CAPTURE_AUTORELEASING = YES;
				CLANG_WARN_BOOL_CONVERSION = YES;
				CLANG_WARN_COMMA = YES;
				CLANG_WARN_CONSTANT_CONVERSION = YES;
				CLANG_WARN_DEPRECATED_OBJC_IMPLEMENTATIONS = YES;
				CLANG_WARN_DIRECT_OBJC_ISA_USAGE = YES_ERROR;
				CLANG_WARN_DOCUMENTATION_COMMENTS = YES;
				CLANG_WARN_EMPTY_BODY = YES;
				CLANG_WARN_ENUM_CONVERSION = YES;
				CLANG_WARN_INFINITE_RECURSION = YES;
				CLANG_WARN_INT_CONVERSION = YES;
				CLANG_WARN_NON_LITERAL_NULL_CONVERSION = YES;
				CLANG_WARN_OBJC_IMPLICIT_RETAIN_SELF = YES;
				CLANG_WARN_OBJC_LITERAL_CONVERSION = YES;
				CLANG_WARN_OBJC_ROOT_CLASS = YES_ERROR;
				CLANG_WARN_QUOTED_INCLUDE_IN_FRAMEWORK_HEADER = YES;
				CLANG_WARN_RANGE_LOOP_ANALYSIS = YES;
				CLANG_WARN_STRICT_PROTOTYPES = YES;
				CLANG_WARN_SUSPICIOUS_MOVE = YES;
				CLANG_WARN_UNGUARDED_AVAILABILITY = YES_AGGRESSIVE;
				CLANG_WARN_UNREACHABLE_CODE = YES;
				CLANG_WARN__DUPLICATE_METHOD_MATCH = YES;
				COPY_PHASE_STRIP = NO;
				DEBUG_INFORMATION_FORMAT = dwarf;
				ENABLE_STRICT_OBJC_MSGSEND = YES;
				ENABLE_TESTABILITY = YES;
				ENABLE_USER_SCRIPT_SANDBOXING = YES;
				GCC_C_LANGUAGE_STANDARD = gnu17;
				GCC_DYNAMIC_NO_PIC = NO;
				GCC_NO_COMMON_BLOCKS = YES;
				GCC_OPTIMIZATION_LEVEL = 0;
				GCC_PREPROCESSOR_DEFINITIONS = (
					"DEBUG=1",
					"$(inherited)",
				);
				GCC_WARN_64_TO_32_BIT_CONVERSION = YES;
				GCC_WARN_ABOUT_RETURN_TYPE = YES_ERROR;
				GCC_WARN_UNDECLARED_SELECTOR = YES;
				GCC_WARN_UNINITIALIZED_AUTOS = YES_AGGRESSIVE;
				GCC_WARN_UNUSED_FUNCTION = YES;
				GCC_WARN_UNUSED_VARIABLE = YES;
				MACOSX_DEPLOYMENT_TARGET = 14.0;
				MTL_ENABLE_DEBUG_INFO = INCLUDE_SOURCE;
				MTL_FAST_MATH = YES;
				ONLY_ACTIVE_ARCH = YES;
				SDKROOT = macosx;
				SWIFT_ACTIVE_COMPILATION_CONDITIONS = "DEBUG $(inherited)";
				SWIFT_OPTIMIZATION_LEVEL = "-Onone";
			};
			name = Debug;
		};
		A10000071 /* Release */ = {
			isa = XCBuildConfiguration;
			buildSettings = {
				ALWAYS_SEARCH_USER_PATHS = NO;
				ASSETCATALOG_COMPILER_GENERATE_SWIFT_ASSET_SYMBOL_EXTENSIONS = YES;
				CLANG_ANALYZER_NONNULL = YES;
				CLANG_ANALYZER_NUMBER_OBJECT_CONVERSION = YES_AGGRESSIVE;
				CLANG_CXX_LANGUAGE_STANDARD = "gnu++20";
				CLANG_ENABLE_MODULES = YES;
				CLANG_ENABLE_OBJC_ARC = YES;
				CLANG_ENABLE_OBJC_WEAK = YES;
				CLANG_WARN_BLOCK_CAPTURE_AUTORELEASING = YES;
				CLANG_WARN_BOOL_CONVERSION = YES;
				CLANG_WARN_COMMA = YES;
				CLANG_WARN_CONSTANT_CONVERSION = YES;
				CLANG_WARN_DEPRECATED_OBJC_IMPLEMENTATIONS = YES;
				CLANG_WARN_DIRECT_OBJC_ISA_USAGE = YES_ERROR;
				CLANG_WARN_DOCUMENTATION_COMMENTS = YES;
				CLANG_WARN_EMPTY_BODY = YES;
				CLANG_WARN_ENUM_CONVERSION = YES;
				CLANG_WARN_INFINITE_RECURSION = YES;
				CLANG_WARN_INT_CONVERSION = YES;
				CLANG_WARN_NON_LITERAL_NULL_CONVERSION = YES;
				CLANG_WARN_OBJC_IMPLICIT_RETAIN_SELF = YES;
				CLANG_WARN_OBJC_LITERAL_CONVERSION = YES;
				CLANG_WARN_OBJC_ROOT_CLASS = YES_ERROR;
				CLANG_WARN_QUOTED_INCLUDE_IN_FRAMEWORK_HEADER = YES;
				CLANG_WARN_RANGE_LOOP_ANALYSIS = YES;
				CLANG_WARN_STRICT_PROTOTYPES = YES;
				CLANG_WARN_SUSPICIOUS_MOVE = YES;
				CLANG_WARN_UNGUARDED_AVAILABILITY = YES_AGGRESSIVE;
				CLANG_WARN_UNREACHABLE_CODE = YES;
				CLANG_WARN__DUPLICATE_METHOD_MATCH = YES;
				COPY_PHASE_STRIP = NO;
				DEBUG_INFORMATION_FORMAT = "dwarf-with-dsym";
				ENABLE_NS_ASSERTIONS = NO;
				ENABLE_STRICT_OBJC_MSGSEND = YES;
				ENABLE_USER_SCRIPT_SANDBOXING = YES;
				GCC_C_LANGUAGE_STANDARD = gnu17;
				GCC_NO_COMMON_BLOCKS = YES;
				GCC_WARN_64_TO_32_BIT_CONVERSION = YES;
				GCC_WARN_ABOUT_RETURN_TYPE = YES_ERROR;
				GCC_WARN_UNDECLARED_SELECTOR = YES;
				GCC_WARN_UNINITIALIZED_AUTOS = YES_AGGRESSIVE;
				GCC_WARN_UNUSED_FUNCTION = YES;
				GCC_WARN_UNUSED_VARIABLE = YES;
				MACOSX_DEPLOYMENT_TARGET = 14.0;
				MTL_ENABLE_DEBUG_INFO = NO;
				MTL_FAST_MATH = YES;
				SDKROOT = macosx;
				SWIFT_COMPILATION_MODE = wholemodule;
			};
			name = Release;
		};
		A10000072 /* Debug */ = {
			isa = XCBuildConfiguration;
			buildSettings = {
				ASSETCATALOG_COMPILER_APPICON_NAME = AppIcon;
				ASSETCATALOG_COMPILER_GLOBAL_ACCENT_COLOR_NAME = AccentColor;
				CODE_SIGN_ENTITLEMENTS = Taskies/Taskies.entitlements;
				CODE_SIGN_STYLE = Automatic;
				COMBINE_HIDPI_IMAGES = YES;
				CURRENT_PROJECT_VERSION = 1;
				DEVELOPMENT_ASSET_PATHS = "";
				ENABLE_PREVIEWS = YES;
				GENERATE_INFOPLIST_FILE = YES;
				INFOPLIST_KEY_LSApplicationCategoryType = "public.app-category.productivity";
				INFOPLIST_KEY_NSHumanReadableCopyright = "";
				LD_RUNPATH_SEARCH_PATHS = (
					"$(inherited)",
					"@executable_path/../Frameworks",
				);
				MARKETING_VERSION = 0.1.0;
				PRODUCT_BUNDLE_IDENTIFIER = me.kegashin.taskies;
				PRODUCT_NAME = "$(TARGET_NAME)";
				SWIFT_EMIT_LOC_STRINGS = YES;
				SWIFT_VERSION = 5.0;
			};
			name = Debug;
		};
		A10000073 /* Release */ = {
			isa = XCBuildConfiguration;
			buildSettings = {
				ASSETCATALOG_COMPILER_APPICON_NAME = AppIcon;
				ASSETCATALOG_COMPILER_GLOBAL_ACCENT_COLOR_NAME = AccentColor;
				CODE_SIGN_ENTITLEMENTS = Taskies/Taskies.entitlements;
				CODE_SIGN_STYLE = Automatic;
				COMBINE_HIDPI_IMAGES = YES;
				CURRENT_PROJECT_VERSION = 1;
				DEVELOPMENT_ASSET_PATHS = "";
				ENABLE_HARDENED_RUNTIME = YES;
				ENABLE_PREVIEWS = YES;
				GENERATE_INFOPLIST_FILE = YES;
				INFOPLIST_KEY_LSApplicationCategoryType = "public.app-category.productivity";
				INFOPLIST_KEY_NSHumanReadableCopyright = "";
				LD_RUNPATH_SEARCH_PATHS = (
					"$(inherited)",
					"@executable_path/../Frameworks",
				);
				MARKETING_VERSION = 0.1.0;
				OTHER_CODE_SIGN_FLAGS = "--timestamp";
				PRODUCT_BUNDLE_IDENTIFIER = me.kegashin.taskies;
				PRODUCT_NAME = "$(TARGET_NAME)";
				SWIFT_EMIT_LOC_STRINGS = YES;
				SWIFT_VERSION = 5.0;
			};
			name = Release;
		};
		A1000010A /* Debug */ = {
			isa = XCBuildConfiguration;
			buildSettings = {
				BUNDLE_LOADER = "$(TEST_HOST)";
				CODE_SIGN_STYLE = Automatic;
				CURRENT_PROJECT_VERSION = 1;
				GENERATE_INFOPLIST_FILE = YES;
				LD_RUNPATH_SEARCH_PATHS = (
					"$(inherited)",
					"@executable_path/../Frameworks",
					"@loader_path/../Frameworks",
				);
				MARKETING_VERSION = 0.1.0;
				PRODUCT_BUNDLE_IDENTIFIER = me.kegashin.taskies.tests;
				PRODUCT_NAME = "$(TARGET_NAME)";
				SWIFT_VERSION = 5.0;
				TEST_HOST = "$(BUILT_PRODUCTS_DIR)/Taskies.app/Contents/MacOS/Taskies";
			};
			name = Debug;
		};
		A1000010B /* Release */ = {
			isa = XCBuildConfiguration;
			buildSettings = {
				BUNDLE_LOADER = "$(TEST_HOST)";
				CODE_SIGN_STYLE = Automatic;
				CURRENT_PROJECT_VERSION = 1;
				GENERATE_INFOPLIST_FILE = YES;
				LD_RUNPATH_SEARCH_PATHS = (
					"$(inherited)",
					"@executable_path/../Frameworks",
					"@loader_path/../Frameworks",
				);
				MARKETING_VERSION = 0.1.0;
				PRODUCT_BUNDLE_IDENTIFIER = me.kegashin.taskies.tests;
				PRODUCT_NAME = "$(TARGET_NAME)";
				SWIFT_VERSION = 5.0;
				TEST_HOST = "$(BUILT_PRODUCTS_DIR)/Taskies.app/Contents/MacOS/Taskies";
			};
			name = Release;
		};
/* End XCBuildConfiguration section */

/* Begin XCConfigurationList section */
		A10000050 /* Build configuration list for PBXNativeTarget "Taskies" */ = {
			isa = XCConfigurationList;
			buildConfigurations = (
				A10000072 /* Debug */,
				A10000073 /* Release */,
			);
			defaultConfigurationIsVisible = 0;
			defaultConfigurationName = Release;
		};
		A10000061 /* Build configuration list for PBXProject "Taskies" */ = {
			isa = XCConfigurationList;
			buildConfigurations = (
				A10000070 /* Debug */,
				A10000071 /* Release */,
			);
			defaultConfigurationIsVisible = 0;
			defaultConfigurationName = Release;
		};
		A1000010C /* Build configuration list for PBXNativeTarget "TaskiesTests" */ = {
			isa = XCConfigurationList;
			buildConfigurations = (
				A1000010A /* Debug */,
				A1000010B /* Release */,
			);
			defaultConfigurationIsVisible = 0;
			defaultConfigurationName = Release;
		};
/* End XCConfigurationList section */
	};
	rootObject = A10000060 /* Project object */;
}
